
Microsoft Visual Studio Solution File, Format Version 12.00
# Visual Studio 14
VisualStudioVersion = 14.0.25420.1
MinimumVisualStudioVersion = 10.0.40219.1
Project("{FAE04EC0-301F-11D3-BF4B-00C04F79EFBC}") = "HospitalRegistryPresentation", "HospitalRegistryPresentation\HospitalRegistryPresentation.csproj", "{E04559BC-868A-4074-8B3A-3CE1AFBB6542}"
EndProject
Project("{FAE04EC0-301F-11D3-BF4B-00C04F79EFBC}") = "HospitalRegistryData", "HospitalRegistryData\HospitalRegistryData.csproj", "{7A4DAF72-F5AB-438A-AF43-92CB823E11CC}"
EndProject
Project("{FAE04EC0-301F-11D3-BF4B-00C04F79EFBC}") = "HospitalRegistryRepositories", "HospitalRegistryRepositories\HospitalRegistryRepositories.csproj", "{AF1D53F4-F497-4CB5-BE19-6FD116E8CF0B}"
EndProject
Project("{FAE04EC0-301F-11D3-BF4B-00C04F79EFBC}") = "HospitalRegistryServices", "HospitalRegistryServices\HospitalRegistryServices.csproj", "{C4D7615D-4BEC-4D5B-964F-AFC49AA08ED7}"
EndProject
Global
	GlobalSection(SolutionConfigurationPlatforms) = preSolution
		Debug|Any CPU = Debug|Any CPU
		Release|Any CPU = Release|Any CPU
	EndGlobalSection
	GlobalSection(ProjectConfigurationPlatforms) = postSolution
		{E04559BC-868A-4074-8B3A-3CE1AFBB6542}.Debug|Any CPU.ActiveCfg = Debug|Any CPU
		{E04559BC-868A-4074-8B3A-3CE1AFBB6542}.Debug|Any CPU.Build.0 = Debug|Any CPU
		{E04559BC-868A-4074-8B3A-3CE1AFBB6542}.Release|Any CPU.ActiveCfg = Release|Any CPU
		{E04559BC-868A-4074-8B3A-3CE1AFBB6542}.Release|Any CPU.Build.0 = Release|Any CPU
		{7A4DAF72-F5AB-438A-AF43-92CB823E11CC}.Debug|Any CPU.ActiveCfg = Debug|Any CPU
		{7A4DAF72-F5AB-438A-AF43-92CB823E11CC}.Debug|Any CPU.Build.0 = Debug|Any CPU
		{7A4DAF72-F5AB-438A-AF43-92CB823E11CC}.Release|Any CPU.ActiveCfg = Release|Any CPU
		{7A4DAF72-F5AB-438A-AF43-92CB823E11CC}.Release|Any CPU.Build.0 = Release|Any CPU
		{AF1D53F4-F497-4CB5-BE19-6FD116E8CF0B}.Debug|Any CPU.ActiveCfg = Debug|Any CPU
		{AF1D53F4-F497-4CB5-BE19-6FD116E8CF0B}.Debug|Any CPU.Build.0 = Debug|Any CPU
		{AF1D53F4-F497-4CB5-BE19-6FD116E8CF0B}.Release|Any CPU.ActiveCfg = Release|Any CPU
		{AF1D53F4-F497-4CB5-BE19-6FD116E8CF0B}.Release|Any CPU.Build.0 = Release|Any CPU
		{C4D7615D-4BEC-4D5B-964F-AFC49AA08ED7}.Debug|Any CPU.ActiveCfg = Debug|Any CPU
		{C4D7615D-4BEC-4D5B-964F-AFC49AA08ED7}.Debug|Any CPU.Build.0 = Debug|Any CPU
		{C4D7615D-4BEC-4D5B-964F-AFC49AA08ED7}.Release|Any CPU.ActiveCfg = Release|Any CPU
		{C4D7615D-4BEC-4D5B-964F-AFC49AA08ED7}.Release|Any CPU.Build.0 = Release|Any CPU
	EndGlobalSection
	GlobalSection(SolutionProperties) = preSolution
		HideSolutionNode = FALSE
	EndGlobalSection
EndGlobal
